
Microsoft Visual Studio Solution File, Format Version 12.00
# Visual Studio Version 16
Project("{8BC9CEB8-8B4A-11D0-8D11-00A0C91BC942}") = "Cinnamon", "Cinnamon\include\Cinnamon.vcxproj", "{D8F725EC-C4C4-80F7-EDDD-6E9FD909B685}"
EndProject
Project("{8BC9CEB8-8B4A-11D0-8D11-00A0C91BC942}") = "CinnamonEditor", "CinnamonEditor\include\CinnamonEditor.vcxproj", "{9F8FE7BF-8B5D-DBC5-74F1-4BEC605EB72A}"
EndProject
Project("{2150E333-8FDC-42A3-9474-1A3956D46DE8}") = "ThirdParty", "ThirdParty", "{376E56B9-2367-750B-4C99-5A9038F15417}"
EndProject
Project("{8BC9CEB8-8B4A-11D0-8D11-00A0C91BC942}") = "volk", "Cinnamon\include\ThirdParty\volk\volk.vcxproj", "{C1AA9F7C-ADE1-A00D-56CE-861042E41C0F}"
EndProject
Project("{8BC9CEB8-8B4A-11D0-8D11-00A0C91BC942}") = "xdg", "Cinnamon\include\ThirdParty\xdg\xdg.vcxproj", "{A8BE880B-14C8-887C-9D43-9F7C094C947C}"
EndProject
Global
	GlobalSection(SolutionConfigurationPlatforms) = preSolution
		Debug|x64 = Debug|x64
		Distribution|x64 = Distribution|x64
		Release|x64 = Release|x64
	EndGlobalSection
	GlobalSection(ProjectConfigurationPlatforms) = postSolution
		{D8F725EC-C4C4-80F7-EDDD-6E9FD909B685}.Debug|x64.ActiveCfg = Debug|x64
		{D8F725EC-C4C4-80F7-EDDD-6E9FD909B685}.Debug|x64.Build.0 = Debug|x64
		{D8F725EC-C4C4-80F7-EDDD-6E9FD909B685}.Distribution|x64.ActiveCfg = Distribution|x64
		{D8F725EC-C4C4-80F7-EDDD-6E9FD909B685}.Distribution|x64.Build.0 = Distribution|x64
		{D8F725EC-C4C4-80F7-EDDD-6E9FD909B685}.Release|x64.ActiveCfg = Release|x64
		{D8F725EC-C4C4-80F7-EDDD-6E9FD909B685}.Release|x64.Build.0 = Release|x64
		{9F8FE7BF-8B5D-DBC5-74F1-4BEC605EB72A}.Debug|x64.ActiveCfg = Debug|x64
		{9F8FE7BF-8B5D-DBC5-74F1-4BEC605EB72A}.Debug|x64.Build.0 = Debug|x64
		{9F8FE7BF-8B5D-DBC5-74F1-4BEC605EB72A}.Distribution|x64.ActiveCfg = Distribution|x64
		{9F8FE7BF-8B5D-DBC5-74F1-4BEC605EB72A}.Distribution|x64.Build.0 = Distribution|x64
		{9F8FE7BF-8B5D-DBC5-74F1-4BEC605EB72A}.Release|x64.ActiveCfg = Release|x64
		{9F8FE7BF-8B5D-DBC5-74F1-4BEC605EB72A}.Release|x64.Build.0 = Release|x64
		{C1AA9F7C-ADE1-A00D-56CE-861042E41C0F}.Debug|x64.ActiveCfg = Debug|x64
		{C1AA9F7C-ADE1-A00D-56CE-861042E41C0F}.Debug|x64.Build.0 = Debug|x64
		{C1AA9F7C-ADE1-A00D-56CE-861042E41C0F}.Distribution|x64.ActiveCfg = Distribution|x64
		{C1AA9F7C-ADE1-A00D-56CE-861042E41C0F}.Distribution|x64.Build.0 = Distribution|x64
		{C1AA9F7C-ADE1-A00D-56CE-861042E41C0F}.Release|x64.ActiveCfg = Release|x64
		{C1AA9F7C-ADE1-A00D-56CE-861042E41C0F}.Release|x64.Build.0 = Release|x64
		{A8BE880B-14C8-887C-9D43-9F7C094C947C}.Debug|x64.ActiveCfg = Debug|x64
		{A8BE880B-14C8-887C-9D43-9F7C094C947C}.Debug|x64.Build.0 = Debug|x64
		{A8BE880B-14C8-887C-9D43-9F7C094C947C}.Distribution|x64.ActiveCfg = Distribution|x64
		{A8BE880B-14C8-887C-9D43-9F7C094C947C}.Distribution|x64.Build.0 = Distribution|x64
		{A8BE880B-14C8-887C-9D43-9F7C094C947C}.Release|x64.ActiveCfg = Release|x64
		{A8BE880B-14C8-887C-9D43-9F7C094C947C}.Release|x64.Build.0 = Release|x64
	EndGlobalSection
	GlobalSection(SolutionProperties) = preSolution
		HideSolutionNode = FALSE
	EndGlobalSection
	GlobalSection(NestedProjects) = preSolution
		{C1AA9F7C-ADE1-A00D-56CE-861042E41C0F} = {376E56B9-2367-750B-4C99-5A9038F15417}
		{A8BE880B-14C8-887C-9D43-9F7C094C947C} = {376E56B9-2367-750B-4C99-5A9038F15417}
	EndGlobalSection
EndGlobal
